[[package]]
category = "main"
description = "Library for developers to extract data from Microsoft Excel (tm) spreadsheet files"
name = "xlrd"
optional = false
python-versions = ">=2.7, !=3.0.*, !=3.1.*, !=3.2.*, !=3.3.*"
version = "1.2.0"

[metadata]
content-hash = "25fb5b555025d140767929f8883c5c8c1361c77afbae9d3cd269aaf15ec2dcd2"
python-versions = "^3.7"

[metadata.hashes]
xlrd = ["546eb36cee8db40c3eaa46c351e67ffee6eeb5fa2650b71bc4c758a29a1b29b2", "e551fb498759fa3a5384a94ccd4c3c02eb7c00ea424426e212ac0c57be9dfbde"]
